{
    "_readme": [
        "This file locks the dependencies of your project to a known state",
        "Read more about it at https://getcomposer.org/doc/01-basic-usage.md#installing-dependencies",
        "This file is @generated automatically"
    ],
    "content-hash": "b50b1ebfbc463acc85b9cf097a5d8347",
    "packages": [
        {
            "name": "convertapi/convertapi-php",
            "version": "v1.5.0",
            "source": {
                "type": "git",
                "url": "https://github.com/ConvertAPI/convertapi-php.git",
                "reference": "89d1600a19b3e541fd93abfe6788d8881f84ac6a"
            },
            "dist": {
                "type": "zip",
                "url": "https://api.github.com/repos/ConvertAPI/convertapi-php/zipball/89d1600a19b3e541fd93abfe6788d8881f84ac6a",
                "reference": "89d1600a19b3e541fd93abfe6788d8881f84ac6a",
                "shasum": ""
            },
            "require": {
                "ext-curl": "*",
                "ext-json": "*",
                "php": ">=5.4.0"
            },
            "require-dev": {
                "phpunit/phpunit": "~4.0"
            },
            "type": "library",
            "autoload": {
                "psr-0": {
                    "ConvertApi\\": "lib/"
                }
            },
            "notification-url": "https://packagist.org/downloads/",
            "license": [
                "MIT"
            ],
            "authors": [
                {
                    "name": "ConvertAPI and contributors",
                    "homepage": "https://github.com/ConvertAPI/convertapi-php/graphs/contributors"
                }
            ],
            "description": "Convert API PHP Client",
            "homepage": "https://github.com/ConvertAPI/convertapi-php",
            "keywords": [
                "api",
                "client",
                "conversion",
                "convert"
            ],
            "time": "2021-02-06T16:58:10+00:00"
        },
        {
            "name": "dompdf/dompdf",
            "version": "v1.0.2",
            "source": {
                "type": "git",
                "url": "https://github.com/dompdf/dompdf.git",
                "reference": "8768448244967a46d6e67b891d30878e0e15d25c"
            },
            "dist": {
                "type": "zip",
                "url": "https://api.github.com/repos/dompdf/dompdf/zipball/8768448244967a46d6e67b891d30878e0e15d25c",
                "reference": "8768448244967a46d6e67b891d30878e0e15d25c",
                "shasum": ""
            },
            "require": {
                "ext-dom": "*",
                "ext-mbstring": "*",
                "phenx/php-font-lib": "^0.5.2",
                "phenx/php-svg-lib": "^0.3.3",
                "php": "^7.1 || ^8.0"
            },
            "require-dev": {
                "mockery/mockery": "^1.3",
                "phpunit/phpunit": "^7.5 || ^8 || ^9",
                "squizlabs/php_codesniffer": "^3.5"
            },
            "suggest": {
                "ext-gd": "Needed to process images",
                "ext-gmagick": "Improves image processing performance",
                "ext-imagick": "Improves image processing performance",
                "ext-zlib": "Needed for pdf stream compression"
            },
            "type": "library",
            "extra": {
                "branch-alias": {
                    "dev-develop": "0.7-dev"
                }
            },
            "autoload": {
                "psr-4": {
                    "Dompdf\\": "src/"
                },
                "classmap": [
                    "lib/"
                ]
            },
            "notification-url": "https://packagist.org/downloads/",
            "license": [
                "LGPL-2.1"
            ],
            "authors": [
                {
                    "name": "Fabien Ménager",
                    "email": "fabien.menager@gmail.com"
                },
                {
                    "name": "Brian Sweeney",
                    "email": "eclecticgeek@gmail.com"
                },
                {
                    "name": "Gabriel Bull",
                    "email": "me@gabrielbull.com"
                }
            ],
            "description": "DOMPDF is a CSS 2.1 compliant HTML to PDF converter",
            "homepage": "https://github.com/dompdf/dompdf",
            "time": "2021-01-08T14:18:52+00:00"
        },
        {
            "name": "laminas/laminas-escaper",
            "version": "2.8.0",
            "source": {
                "type": "git",
                "url": "https://github.com/laminas/laminas-escaper.git",
                "reference": "2d6dce99668b413610e9544183fa10392437f542"
            },
            "dist": {
                "type": "zip",
                "url": "https://api.github.com/repos/laminas/laminas-escaper/zipball/2d6dce99668b413610e9544183fa10392437f542",
                "reference": "2d6dce99668b413610e9544183fa10392437f542",
                "shasum": ""
            },
            "require": {
                "laminas/laminas-zendframework-bridge": "^1.0",
                "php": "^7.3 || ~8.0.0"
            },
            "replace": {
                "zendframework/zend-escaper": "^2.6.1"
            },
            "require-dev": {
                "laminas/laminas-coding-standard": "~2.3.0",
                "phpunit/phpunit": "^9.3",
                "psalm/plugin-phpunit": "^0.12.2",
                "vimeo/psalm": "^3.16"
            },
            "suggest": {
                "ext-iconv": "*",
                "ext-mbstring": "*"
            },
            "type": "library",
            "autoload": {
                "psr-4": {
                    "Laminas\\Escaper\\": "src/"
                }
            },
            "notification-url": "https://packagist.org/downloads/",
            "license": [
                "BSD-3-Clause"
            ],
            "description": "Securely and safely escape HTML, HTML attributes, JavaScript, CSS, and URLs",
            "homepage": "https://laminas.dev",
            "keywords": [
                "escaper",
                "laminas"
            ],
            "funding": [
                {
                    "url": "https://funding.communitybridge.org/projects/laminas-project",
                    "type": "community_bridge"
                }
            ],
            "time": "2021-06-26T14:26:08+00:00"
        },
        {
            "name": "laminas/laminas-zendframework-bridge",
            "version": "1.3.0",
            "source": {
                "type": "git",
                "url": "https://github.com/laminas/laminas-zendframework-bridge.git",
                "reference": "13af2502d9bb6f7d33be2de4b51fb68c6cdb476e"
            },
            "dist": {
                "type": "zip",
                "url": "https://api.github.com/repos/laminas/laminas-zendframework-bridge/zipball/13af2502d9bb6f7d33be2de4b51fb68c6cdb476e",
                "reference": "13af2502d9bb6f7d33be2de4b51fb68c6cdb476e",
                "shasum": ""
            },
            "require": {
                "php": "^7.3 || ^8.0"
            },
            "require-dev": {
                "phpunit/phpunit": "^5.7 || ^6.5 || ^7.5 || ^8.1 || ^9.3",
                "psalm/plugin-phpunit": "^0.15.1",
                "squizlabs/php_codesniffer": "^3.5",
                "vimeo/psalm": "^4.6"
            },
            "type": "library",
            "extra": {
                "laminas": {
                    "module": "Laminas\\ZendFrameworkBridge"
                }
            },
            "autoload": {
                "files": [
                    "src/autoload.php"
                ],
                "psr-4": {
                    "Laminas\\ZendFrameworkBridge\\": "src//"
                }
            },
            "notification-url": "https://packagist.org/downloads/",
            "license": [
                "BSD-3-Clause"
            ],
            "description": "Alias legacy ZF class names to Laminas Project equivalents.",
            "keywords": [
                "ZendFramework",
                "autoloading",
                "laminas",
                "zf"
            ],
            "funding": [
                {
                    "url": "https://funding.communitybridge.org/projects/laminas-project",
                    "type": "community_bridge"
                }
            ],
            "time": "2021-06-24T12:49:22+00:00"
        },
        {
            "name": "phenx/php-font-lib",
            "version": "0.5.2",
            "source": {
                "type": "git",
                "url": "https://github.com/PhenX/php-font-lib.git",
                "reference": "ca6ad461f032145fff5971b5985e5af9e7fa88d8"
            },
            "dist": {
                "type": "zip",
                "url": "https://api.github.com/repos/PhenX/php-font-lib/zipball/ca6ad461f032145fff5971b5985e5af9e7fa88d8",
                "reference": "ca6ad461f032145fff5971b5985e5af9e7fa88d8",
                "shasum": ""
            },
            "require-dev": {
                "phpunit/phpunit": "^4.8.35 || ^5 || ^6 || ^7"
            },
            "type": "library",
            "autoload": {
                "psr-4": {
                    "FontLib\\": "src/FontLib"
                }
            },
            "notification-url": "https://packagist.org/downloads/",
            "license": [
                "LGPL-3.0"
            ],
            "authors": [
                {
                    "name": "Fabien Ménager",
                    "email": "fabien.menager@gmail.com"
                }
            ],
            "description": "A library to read, parse, export and make subsets of different types of font files.",
            "homepage": "https://github.com/PhenX/php-font-lib",
            "time": "2020-03-08T15:31:32+00:00"
        },
        {
            "name": "phenx/php-svg-lib",
            "version": "v0.3.3",
            "source": {
                "type": "git",
                "url": "https://github.com/PhenX/php-svg-lib.git",
                "reference": "5fa61b65e612ce1ae15f69b3d223cb14ecc60e32"
            },
            "dist": {
                "type": "zip",
                "url": "https://api.github.com/repos/PhenX/php-svg-lib/zipball/5fa61b65e612ce1ae15f69b3d223cb14ecc60e32",
                "reference": "5fa61b65e612ce1ae15f69b3d223cb14ecc60e32",
                "shasum": ""
            },
            "require": {
                "sabberworm/php-css-parser": "^8.3"
            },
            "require-dev": {
                "phpunit/phpunit": "^5.5|^6.5"
            },
            "type": "library",
            "autoload": {
                "psr-4": {
                    "Svg\\": "src/Svg"
                }
            },
            "notification-url": "https://packagist.org/downloads/",
            "license": [
                "LGPL-3.0"
            ],
            "authors": [
                {
                    "name": "Fabien Ménager",
                    "email": "fabien.menager@gmail.com"
                }
            ],
            "description": "A library to read, parse and export to PDF SVG files.",
            "homepage": "https://github.com/PhenX/php-svg-lib",
            "time": "2019-09-11T20:02:13+00:00"
        },
        {
            "name": "phpoffice/phpword",
            "version": "dev-master",
            "source": {
                "type": "git",
                "url": "https://github.com/PHPOffice/PHPWord.git",
                "reference": "aca10785cf68dc95d7f6fac4fe854979fef3f8db"
            },
            "dist": {
                "type": "zip",
                "url": "https://api.github.com/repos/PHPOffice/PHPWord/zipball/aca10785cf68dc95d7f6fac4fe854979fef3f8db",
                "reference": "aca10785cf68dc95d7f6fac4fe854979fef3f8db",
                "shasum": ""
            },
            "require": {
                "ext-xml": "*",
                "laminas/laminas-escaper": "^2.2",
                "php": "^5.3.3 || ^7.0 || ^8.0"
            },
            "require-dev": {
                "dompdf/dompdf": "0.8.* || 1.0.*",
                "ext-gd": "*",
                "ext-zip": "*",
                "friendsofphp/php-cs-fixer": "^2.2",
                "mpdf/mpdf": "5.7.4 || 6.* || 7.* || 8.*",
                "php-coveralls/php-coveralls": "1.1.0 || ^2.0",
                "phploc/phploc": "2.* || 3.* || 4.* || 5.* || 6.* || 7.*",
                "phpmd/phpmd": "2.*",
                "phpunit/phpunit": "^4.8.36 || ^7.0",
                "squizlabs/php_codesniffer": "^2.9 || ^3.5",
                "tecnickcom/tcpdf": "6.*"
            },
            "suggest": {
                "dompdf/dompdf": "Allows writing PDF",
                "ext-gd2": "Allows adding images",
                "ext-xmlwriter": "Allows writing OOXML and ODF",
                "ext-xsl": "Allows applying XSL style sheet to headers, to main document part, and to footers of an OOXML template",
                "ext-zip": "Allows writing OOXML and ODF"
            },
            "type": "library",
            "extra": {
                "branch-alias": {
                    "dev-develop": "0.19-dev"
                }
            },
            "autoload": {
                "psr-4": {
                    "PhpOffice\\PhpWord\\": "src/PhpWord"
                }
            },
            "notification-url": "https://packagist.org/downloads/",
            "license": [
                "LGPL-3.0"
            ],
            "authors": [
                {
                    "name": "Mark Baker"
                },
                {
                    "name": "Gabriel Bull",
                    "email": "me@gabrielbull.com",
                    "homepage": "http://gabrielbull.com/"
                },
                {
                    "name": "Franck Lefevre",
                    "homepage": "https://rootslabs.net/blog/"
                },
                {
                    "name": "Ivan Lanin",
                    "homepage": "http://ivan.lanin.org"
                },
                {
                    "name": "Roman Syroeshko",
                    "homepage": "http://ru.linkedin.com/pub/roman-syroeshko/34/a53/994/"
                },
                {
                    "name": "Antoine de Troostembergh"
                }
            ],
            "description": "PHPWord - A pure PHP library for reading and writing word processing documents (OOXML, ODF, RTF, HTML, PDF)",
            "homepage": "http://phpoffice.github.io",
            "keywords": [
                "ISO IEC 29500",
                "OOXML",
                "Office Open XML",
                "OpenDocument",
                "OpenXML",
                "PhpOffice",
                "PhpWord",
                "Rich Text Format",
                "WordprocessingML",
                "doc",
                "docx",
                "html",
                "odf",
                "odt",
                "office",
                "pdf",
                "php",
                "reader",
                "rtf",
                "template",
                "template processor",
                "word",
                "writer"
            ],
            "time": "2021-06-04T20:58:45+00:00"
        },
        {
            "name": "sabberworm/php-css-parser",
            "version": "8.3.1",
            "source": {
                "type": "git",
                "url": "https://github.com/sabberworm/PHP-CSS-Parser.git",
                "reference": "d217848e1396ef962fb1997cf3e2421acba7f796"
            },
            "dist": {
                "type": "zip",
                "url": "https://api.github.com/repos/sabberworm/PHP-CSS-Parser/zipball/d217848e1396ef962fb1997cf3e2421acba7f796",
                "reference": "d217848e1396ef962fb1997cf3e2421acba7f796",
                "shasum": ""
            },
            "require": {
                "php": ">=5.3.2"
            },
            "require-dev": {
                "codacy/coverage": "^1.4",
                "phpunit/phpunit": "~4.8"
            },
            "type": "library",
            "autoload": {
                "psr-0": {
                    "Sabberworm\\CSS": "lib/"
                }
            },
            "notification-url": "https://packagist.org/downloads/",
            "license": [
                "MIT"
            ],
            "authors": [
                {
                    "name": "Raphael Schweikert"
                }
            ],
            "description": "Parser for CSS Files written in PHP",
            "homepage": "http://www.sabberworm.com/blog/2010/6/10/php-css-parser",
            "keywords": [
                "css",
                "parser",
                "stylesheet"
            ],
            "time": "2020-06-01T09:10:00+00:00"
        }
    ],
    "packages-dev": [],
    "aliases": [],
    "minimum-stability": "stable",
    "stability-flags": {
        "phpoffice/phpword": 20
    },
    "prefer-stable": false,
    "prefer-lowest": false,
    "platform": [],
    "platform-dev": [],
    "plugin-api-version": "1.1.0"
}
